
Microsoft Visual Studio Solution File, Format Version 12.00
# Visual Studio Version 16
VisualStudioVersion = 16.0.29613.14
MinimumVisualStudioVersion = 10.0.40219.1
Project("{FAE04EC0-301F-11D3-BF4B-00C04F79EFBC}") = "BaiLH", "BaiLH\BaiLH.csproj", "{F8BF9AB1-F29D-4AF8-B55E-0D5598058CC2}"
EndProject
Global
	GlobalSection(SolutionConfigurationPlatforms) = preSolution
		Debug|Any CPU = Debug|Any CPU
		Release|Any CPU = Release|Any CPU
	EndGlobalSection
	GlobalSection(ProjectConfigurationPlatforms) = postSolution
		{F8BF9AB1-F29D-4AF8-B55E-0D5598058CC2}.Debug|Any CPU.ActiveCfg = Debug|Any CPU
		{F8BF9AB1-F29D-4AF8-B55E-0D5598058CC2}.Debug|Any CPU.Build.0 = Debug|Any CPU
		{F8BF9AB1-F29D-4AF8-B55E-0D5598058CC2}.Release|Any CPU.ActiveCfg = Release|Any CPU
		{F8BF9AB1-F29D-4AF8-B55E-0D5598058CC2}.Release|Any CPU.Build.0 = Release|Any CPU
	EndGlobalSection
	GlobalSection(SolutionProperties) = preSolution
		HideSolutionNode = FALSE
	EndGlobalSection
	GlobalSection(ExtensibilityGlobals) = postSolution
		SolutionGuid = {29A01FF7-137E-4ADB-9B1E-77787F3FB87A}
	EndGlobalSection
EndGlobal
